// !$*UTF8*$!
{
	archiveVersion = 1;
	classes = {
	};
	objectVersion = 48;
	objects = {

/* Begin PBXBuildFile section */
		4C1EE096CB1B534950774403 /* libPods-4Cast.a in Frameworks */ = {isa = PBXBuildFile; fileRef = 3A3F60485CD0E23288A8BC77 /* libPods-4Cast.a */; };
		9A22D87C20658FF4003AD79C /* AppDelegate.m in Sources */ = {isa = PBXBuildFile; fileRef = 9A22D87B20658FF4003AD79C /* AppDelegate.m */; };
		9A22D87F20658FF4003AD79C /* ForecastViewController.m in Sources */ = {isa = PBXBuildFile; fileRef = 9A22D87E20658FF4003AD79C /* ForecastViewController.m */; };
		9A22D88220658FF4003AD79C /* Main.storyboard in Resources */ = {isa = PBXBuildFile; fileRef = 9A22D88020658FF4003AD79C /* Main.storyboard */; };
		9A22D88720658FF4003AD79C /* LaunchScreen.storyboard in Resources */ = {isa = PBXBuildFile; fileRef = 9A22D88520658FF4003AD79C /* LaunchScreen.storyboard */; };
		9A22D88A20658FF4003AD79C /* main.m in Sources */ = {isa = PBXBuildFile; fileRef = 9A22D88920658FF4003AD79C /* main.m */; };
		9A22D8972065965F003AD79C /* Assets.xcassets in Resources */ = {isa = PBXBuildFile; fileRef = 9A22D8962065965F003AD79C /* Assets.xcassets */; };
		9A22D89B206597B6003AD79C /* ForecastDetailsViewController.m in Sources */ = {isa = PBXBuildFile; fileRef = 9A22D89A206597B6003AD79C /* ForecastDetailsViewController.m */; };
		9A22D89E20659856003AD79C /* RESTClient.m in Sources */ = {isa = PBXBuildFile; fileRef = 9A22D89D20659856003AD79C /* RESTClient.m */; };
		9A22D8A6206692E0003AD79C /* ForeCastTests.m in Sources */ = {isa = PBXBuildFile; fileRef = 9A22D8A5206692E0003AD79C /* ForeCastTests.m */; };
		9A233EF32066BF06003ED104 /* IconCache.m in Sources */ = {isa = PBXBuildFile; fileRef = 9A233EF22066BF05003ED104 /* IconCache.m */; };
		9A233EF62066C990003ED104 /* SearchView.m in Sources */ = {isa = PBXBuildFile; fileRef = 9A233EF52066C990003ED104 /* SearchView.m */; };
		9A233EF92066CC41003ED104 /* ForecastCell.m in Sources */ = {isa = PBXBuildFile; fileRef = 9A233EF82066CC41003ED104 /* ForecastCell.m */; };
		9A6FA0F52080FE7800C393AA /* FiveDay3HourForecast.swift in Sources */ = {isa = PBXBuildFile; fileRef = 9A6FA0F42080FE7800C393AA /* FiveDay3HourForecast.swift */; };
		9A6FA10B2081501F00C393AA /* 09n.png in Resources */ = {isa = PBXBuildFile; fileRef = 9A6FA0F92081501E00C393AA /* 09n.png */; };
		9A6FA10D2081501F00C393AA /* 01d.png in Resources */ = {isa = PBXBuildFile; fileRef = 9A6FA0FA2081501E00C393AA /* 01d.png */; };
		9A6FA10F2081501F00C393AA /* 50d.png in Resources */ = {isa = PBXBuildFile; fileRef = 9A6FA0FB2081501E00C393AA /* 50d.png */; };
		9A6FA1112081501F00C393AA /* 11n.png in Resources */ = {isa = PBXBuildFile; fileRef = 9A6FA0FC2081501E00C393AA /* 11n.png */; };
		9A6FA1132081501F00C393AA /* 01n.png in Resources */ = {isa = PBXBuildFile; fileRef = 9A6FA0FD2081501E00C393AA /* 01n.png */; };
		9A6FA1152081501F00C393AA /* 04d.png in Resources */ = {isa = PBXBuildFile; fileRef = 9A6FA0FE2081501E00C393AA /* 04d.png */; };
		9A6FA1172081501F00C393AA /* 10d.png in Resources */ = {isa = PBXBuildFile; fileRef = 9A6FA0FF2081501E00C393AA /* 10d.png */; };
		9A6FA1192081501F00C393AA /* 11d.png in Resources */ = {isa = PBXBuildFile; fileRef = 9A6FA1002081501E00C393AA /* 11d.png */; };
		9A6FA11B2081501F00C393AA /* 13n.png in Resources */ = {isa = PBXBuildFile; fileRef = 9A6FA1012081501E00C393AA /* 13n.png */; };
		9A6FA11D2081501F00C393AA /* 04n.png in Resources */ = {isa = PBXBuildFile; fileRef = 9A6FA1022081501E00C393AA /* 04n.png */; };
		9A6FA11F2081501F00C393AA /* 02d.png in Resources */ = {isa = PBXBuildFile; fileRef = 9A6FA1032081501E00C393AA /* 02d.png */; };
		9A6FA1212081501F00C393AA /* 09d.png in Resources */ = {isa = PBXBuildFile; fileRef = 9A6FA1042081501F00C393AA /* 09d.png */; };
		9A6FA1232081501F00C393AA /* 03n.png in Resources */ = {isa = PBXBuildFile; fileRef = 9A6FA1052081501F00C393AA /* 03n.png */; };
		9A6FA1252081501F00C393AA /* 50n.png in Resources */ = {isa = PBXBuildFile; fileRef = 9A6FA1062081501F00C393AA /* 50n.png */; };
		9A6FA1272081501F00C393AA /* 03d.png in Resources */ = {isa = PBXBuildFile; fileRef = 9A6FA1072081501F00C393AA /* 03d.png */; };
		9A6FA1292081501F00C393AA /* 02n.png in Resources */ = {isa = PBXBuildFile; fileRef = 9A6FA1082081501F00C393AA /* 02n.png */; };
		9A6FA12B2081501F00C393AA /* 10n.png in Resources */ = {isa = PBXBuildFile; fileRef = 9A6FA1092081501F00C393AA /* 10n.png */; };
		9A6FA12D2081501F00C393AA /* 13d.png in Resources */ = {isa = PBXBuildFile; fileRef = 9A6FA10A2081501F00C393AA /* 13d.png */; };
		9A6FA130208209FB00C393AA /* Tampa,USA.json in Resources */ = {isa = PBXBuildFile; fileRef = 9A233EEA2066B5DA003ED104 /* Tampa,USA.json */; };
		9A6FA131208209FB00C393AA /* New York,USA.json in Resources */ = {isa = PBXBuildFile; fileRef = 9A233EEC2066B68D003ED104 /* New York,USA.json */; };
		9A6FA1392082113D00C393AA /* ForeCastUITests.swift in Sources */ = {isa = PBXBuildFile; fileRef = 9A6FA1382082113D00C393AA /* ForeCastUITests.swift */; };
		9A6FA1622082875100C393AA /* TestingHelper.swift in Sources */ = {isa = PBXBuildFile; fileRef = 9A6FA0F02080F95D00C393AA /* TestingHelper.swift */; };
		9A6FA163208287E300C393AA /* TestingAppDelegate.m in Sources */ = {isa = PBXBuildFile; fileRef = 9A6FA0EE2080EAD600C393AA /* TestingAppDelegate.m */; };
		9AA8DC582066E73500F6A642 /* ios-marketing.png in Resources */ = {isa = PBXBuildFile; fileRef = 9AA8DC572066E73500F6A642 /* ios-marketing.png */; };
		9AA8DC5A2066F23E00F6A642 /* QuartzCore.framework in Frameworks */ = {isa = PBXBuildFile; fileRef = 9AA8DC592066F23E00F6A642 /* QuartzCore.framework */; };
		9AA8DC622067F0F600F6A642 /* ForecastListItem.swift in Sources */ = {isa = PBXBuildFile; fileRef = 9AA8DC612067F0F600F6A642 /* ForecastListItem.swift */; };
		FEA5D73B78351801B8B68A41 /* libPods-4CastTests.a in Frameworks */ = {isa = PBXBuildFile; fileRef = 6806A50A7E417479A20CC21C /* libPods-4CastTests.a */; };
/* End PBXBuildFile section */

/* Begin PBXContainerItemProxy section */
		9A22D8A8206692E0003AD79C /* PBXContainerItemProxy */ = {
			isa = PBXContainerItemProxy;
			containerPortal = 9A22D86F20658FF4003AD79C /* Project object */;
			proxyType = 1;
			remoteGlobalIDString = 9A22D87620658FF4003AD79C;
			remoteInfo = 4Cast;
		};
		9A6FA13B2082113D00C393AA /* PBXContainerItemProxy */ = {
			isa = PBXContainerItemProxy;
			containerPortal = 9A22D86F20658FF4003AD79C /* Project object */;
			proxyType = 1;
			remoteGlobalIDString = 9A22D87620658FF4003AD79C;
			remoteInfo = 4Cast;
		};
/* End PBXContainerItemProxy section */

/* Begin PBXFileReference section */
		08CD230925C4AE548B816B79 /* Pods-4Cast.release.xcconfig */ = {isa = PBXFileReference; includeInIndex = 1; lastKnownFileType = text.xcconfig; name = "Pods-4Cast.release.xcconfig"; path = "Pods/Target Support Files/Pods-4Cast/Pods-4Cast.release.xcconfig"; sourceTree = "<group>"; };
		3A3F60485CD0E23288A8BC77 /* libPods-4Cast.a */ = {isa = PBXFileReference; explicitFileType = archive.ar; includeInIndex = 0; path = "libPods-4Cast.a"; sourceTree = BUILT_PRODUCTS_DIR; };
		3FF3CEAD02110B841CDB5B27 /* Pods-4CastTests.debug.xcconfig */ = {isa = PBXFileReference; includeInIndex = 1; lastKnownFileType = text.xcconfig; name = "Pods-4CastTests.debug.xcconfig"; path = "Pods/Target Support Files/Pods-4CastTests/Pods-4CastTests.debug.xcconfig"; sourceTree = "<group>"; };
		6806A50A7E417479A20CC21C /* libPods-4CastTests.a */ = {isa = PBXFileReference; explicitFileType = archive.ar; includeInIndex = 0; path = "libPods-4CastTests.a"; sourceTree = BUILT_PRODUCTS_DIR; };
		74BB7E399505EFA101995ACF /* Pods-4CastTests.release.xcconfig */ = {isa = PBXFileReference; includeInIndex = 1; lastKnownFileType = text.xcconfig; name = "Pods-4CastTests.release.xcconfig"; path = "Pods/Target Support Files/Pods-4CastTests/Pods-4CastTests.release.xcconfig"; sourceTree = "<group>"; };
		9A22D87720658FF4003AD79C /* 4Cast.app */ = {isa = PBXFileReference; explicitFileType = wrapper.application; includeInIndex = 0; path = 4Cast.app; sourceTree = BUILT_PRODUCTS_DIR; };
		9A22D87A20658FF4003AD79C /* AppDelegate.h */ = {isa = PBXFileReference; lastKnownFileType = sourcecode.c.h; path = AppDelegate.h; sourceTree = "<group>"; };
		9A22D87B20658FF4003AD79C /* AppDelegate.m */ = {isa = PBXFileReference; lastKnownFileType = sourcecode.c.objc; path = AppDelegate.m; sourceTree = "<group>"; };
		9A22D87D20658FF4003AD79C /* ForecastViewController.h */ = {isa = PBXFileReference; lastKnownFileType = sourcecode.c.h; path = ForecastViewController.h; sourceTree = "<group>"; };
		9A22D87E20658FF4003AD79C /* ForecastViewController.m */ = {isa = PBXFileReference; lastKnownFileType = sourcecode.c.objc; path = ForecastViewController.m; sourceTree = "<group>"; };
		9A22D88120658FF4003AD79C /* Base */ = {isa = PBXFileReference; lastKnownFileType = file.storyboard; name = Base; path = Base.lproj/Main.storyboard; sourceTree = "<group>"; };
		9A22D88620658FF4003AD79C /* Base */ = {isa = PBXFileReference; lastKnownFileType = file.storyboard; name = Base; path = Base.lproj/LaunchScreen.storyboard; sourceTree = "<group>"; };
		9A22D88820658FF4003AD79C /* Info.plist */ = {isa = PBXFileReference; lastKnownFileType = text.plist.xml; path = Info.plist; sourceTree = "<group>"; };
		9A22D88920658FF4003AD79C /* main.m */ = {isa = PBXFileReference; lastKnownFileType = sourcecode.c.objc; path = main.m; sourceTree = "<group>"; };
		9A22D8962065965F003AD79C /* Assets.xcassets */ = {isa = PBXFileReference; lastKnownFileType = folder.assetcatalog; path = Assets.xcassets; sourceTree = "<group>"; };
		9A22D899206597B6003AD79C /* ForecastDetailsViewController.h */ = {isa = PBXFileReference; lastKnownFileType = sourcecode.c.h; path = ForecastDetailsViewController.h; sourceTree = "<group>"; };
		9A22D89A206597B6003AD79C /* ForecastDetailsViewController.m */ = {isa = PBXFileReference; lastKnownFileType = sourcecode.c.objc; path = ForecastDetailsViewController.m; sourceTree = "<group>"; };
		9A22D89C20659856003AD79C /* RESTClient.h */ = {isa = PBXFileReference; lastKnownFileType = sourcecode.c.h; path = RESTClient.h; sourceTree = "<group>"; };
		9A22D89D20659856003AD79C /* RESTClient.m */ = {isa = PBXFileReference; lastKnownFileType = sourcecode.c.objc; path = RESTClient.m; sourceTree = "<group>"; };
		9A22D8A3206692E0003AD79C /* 4CastTests.xctest */ = {isa = PBXFileReference; explicitFileType = wrapper.cfbundle; includeInIndex = 0; path = 4CastTests.xctest; sourceTree = BUILT_PRODUCTS_DIR; };
		9A22D8A5206692E0003AD79C /* ForeCastTests.m */ = {isa = PBXFileReference; lastKnownFileType = sourcecode.c.objc; path = ForeCastTests.m; sourceTree = "<group>"; };
		9A22D8A7206692E0003AD79C /* Info.plist */ = {isa = PBXFileReference; lastKnownFileType = text.plist.xml; path = Info.plist; sourceTree = "<group>"; };
		9A233EEA2066B5DA003ED104 /* Tampa,USA.json */ = {isa = PBXFileReference; lastKnownFileType = text.json; path = "Tampa,USA.json"; sourceTree = "<group>"; };
		9A233EEC2066B68D003ED104 /* New York,USA.json */ = {isa = PBXFileReference; lastKnownFileType = text.json; path = "New York,USA.json"; sourceTree = "<group>"; };
		9A233EF12066BF05003ED104 /* IconCache.h */ = {isa = PBXFileReference; lastKnownFileType = sourcecode.c.h; path = IconCache.h; sourceTree = "<group>"; };
		9A233EF22066BF05003ED104 /* IconCache.m */ = {isa = PBXFileReference; lastKnownFileType = sourcecode.c.objc; path = IconCache.m; sourceTree = "<group>"; };
		9A233EF42066C990003ED104 /* SearchView.h */ = {isa = PBXFileReference; lastKnownFileType = sourcecode.c.h; path = SearchView.h; sourceTree = "<group>"; };
		9A233EF52066C990003ED104 /* SearchView.m */ = {isa = PBXFileReference; lastKnownFileType = sourcecode.c.objc; path = SearchView.m; sourceTree = "<group>"; };
		9A233EF72066CC41003ED104 /* ForecastCell.h */ = {isa = PBXFileReference; lastKnownFileType = sourcecode.c.h; path = ForecastCell.h; sourceTree = "<group>"; };
		9A233EF82066CC41003ED104 /* ForecastCell.m */ = {isa = PBXFileReference; lastKnownFileType = sourcecode.c.objc; path = ForecastCell.m; sourceTree = "<group>"; };
		9A6FA0ED2080EAD600C393AA /* TestingAppDelegate.h */ = {isa = PBXFileReference; lastKnownFileType = sourcecode.c.h; path = TestingAppDelegate.h; sourceTree = "<group>"; };
		9A6FA0EE2080EAD600C393AA /* TestingAppDelegate.m */ = {isa = PBXFileReference; lastKnownFileType = sourcecode.c.objc; path = TestingAppDelegate.m; sourceTree = "<group>"; };
		9A6FA0F02080F95D00C393AA /* TestingHelper.swift */ = {isa = PBXFileReference; lastKnownFileType = sourcecode.swift; path = TestingHelper.swift; sourceTree = "<group>"; };
		9A6FA0F22080F98A00C393AA /* ForeCastTests-Bridging-Header.h */ = {isa = PBXFileReference; lastKnownFileType = sourcecode.c.h; path = "ForeCastTests-Bridging-Header.h"; sourceTree = "<group>"; };
		9A6FA0F42080FE7800C393AA /* FiveDay3HourForecast.swift */ = {isa = PBXFileReference; lastKnownFileType = sourcecode.swift; path = FiveDay3HourForecast.swift; sourceTree = "<group>"; };
		9A6FA0F92081501E00C393AA /* 09n.png */ = {isa = PBXFileReference; lastKnownFileType = image.png; path = 09n.png; sourceTree = "<group>"; };
		9A6FA0FA2081501E00C393AA /* 01d.png */ = {isa = PBXFileReference; lastKnownFileType = image.png; path = 01d.png; sourceTree = "<group>"; };
		9A6FA0FB2081501E00C393AA /* 50d.png */ = {isa = PBXFileReference; lastKnownFileType = image.png; path = 50d.png; sourceTree = "<group>"; };
		9A6FA0FC2081501E00C393AA /* 11n.png */ = {isa = PBXFileReference; lastKnownFileType = image.png; path = 11n.png; sourceTree = "<group>"; };
		9A6FA0FD2081501E00C393AA /* 01n.png */ = {isa = PBXFileReference; lastKnownFileType = image.png; path = 01n.png; sourceTree = "<group>"; };
		9A6FA0FE2081501E00C393AA /* 04d.png */ = {isa = PBXFileReference; lastKnownFileType = image.png; path = 04d.png; sourceTree = "<group>"; };
		9A6FA0FF2081501E00C393AA /* 10d.png */ = {isa = PBXFileReference; lastKnownFileType = image.png; path = 10d.png; sourceTree = "<group>"; };
		9A6FA1002081501E00C393AA /* 11d.png */ = {isa = PBXFileReference; lastKnownFileType = image.png; path = 11d.png; sourceTree = "<group>"; };
		9A6FA1012081501E00C393AA /* 13n.png */ = {isa = PBXFileReference; lastKnownFileType = image.png; path = 13n.png; sourceTree = "<group>"; };
		9A6FA1022081501E00C393AA /* 04n.png */ = {isa = PBXFileReference; lastKnownFileType = image.png; path = 04n.png; sourceTree = "<group>"; };
		9A6FA1032081501E00C393AA /* 02d.png */ = {isa = PBXFileReference; lastKnownFileType = image.png; path = 02d.png; sourceTree = "<group>"; };
		9A6FA1042081501F00C393AA /* 09d.png */ = {isa = PBXFileReference; lastKnownFileType = image.png; path = 09d.png; sourceTree = "<group>"; };
		9A6FA1052081501F00C393AA /* 03n.png */ = {isa = PBXFileReference; lastKnownFileType = image.png; path = 03n.png; sourceTree = "<group>"; };
		9A6FA1062081501F00C393AA /* 50n.png */ = {isa = PBXFileReference; lastKnownFileType = image.png; path = 50n.png; sourceTree = "<group>"; };
		9A6FA1072081501F00C393AA /* 03d.png */ = {isa = PBXFileReference; lastKnownFileType = image.png; path = 03d.png; sourceTree = "<group>"; };
		9A6FA1082081501F00C393AA /* 02n.png */ = {isa = PBXFileReference; lastKnownFileType = image.png; path = 02n.png; sourceTree = "<group>"; };
		9A6FA1092081501F00C393AA /* 10n.png */ = {isa = PBXFileReference; lastKnownFileType = image.png; path = 10n.png; sourceTree = "<group>"; };
		9A6FA10A2081501F00C393AA /* 13d.png */ = {isa = PBXFileReference; lastKnownFileType = image.png; path = 13d.png; sourceTree = "<group>"; };
		9A6FA1362082113C00C393AA /* 4CastUITests.xctest */ = {isa = PBXFileReference; explicitFileType = wrapper.cfbundle; includeInIndex = 0; path = 4CastUITests.xctest; sourceTree = BUILT_PRODUCTS_DIR; };
		9A6FA1382082113D00C393AA /* ForeCastUITests.swift */ = {isa = PBXFileReference; lastKnownFileType = sourcecode.swift; path = ForeCastUITests.swift; sourceTree = "<group>"; };
		9A6FA13A2082113D00C393AA /* Info.plist */ = {isa = PBXFileReference; lastKnownFileType = text.plist.xml; path = Info.plist; sourceTree = "<group>"; };
		9A6FA141208260B300C393AA /* ForeCastUITests-Bridging-Header.h */ = {isa = PBXFileReference; lastKnownFileType = sourcecode.c.h; path = "ForeCastUITests-Bridging-Header.h"; sourceTree = "<group>"; };
		9AA8DC572066E73500F6A642 /* ios-marketing.png */ = {isa = PBXFileReference; lastKnownFileType = image.png; path = "ios-marketing.png"; sourceTree = "<group>"; };
		9AA8DC592066F23E00F6A642 /* QuartzCore.framework */ = {isa = PBXFileReference; lastKnownFileType = wrapper.framework; name = QuartzCore.framework; path = System/Library/Frameworks/QuartzCore.framework; sourceTree = SDKROOT; };
		9AA8DC602067F0F600F6A642 /* 4Cast-Bridging-Header.h */ = {isa = PBXFileReference; lastKnownFileType = sourcecode.c.h; name = "4Cast-Bridging-Header.h"; path = "../Model/Objects/4Cast-Bridging-Header.h"; sourceTree = "<group>"; };
		9AA8DC612067F0F600F6A642 /* ForecastListItem.swift */ = {isa = PBXFileReference; lastKnownFileType = sourcecode.swift; path = ForecastListItem.swift; sourceTree = "<group>"; };
		FC4A59A31923B46F7787DC35 /* Pods-4Cast.debug.xcconfig */ = {isa = PBXFileReference; includeInIndex = 1; lastKnownFileType = text.xcconfig; name = "Pods-4Cast.debug.xcconfig"; path = "Pods/Target Support Files/Pods-4Cast/Pods-4Cast.debug.xcconfig"; sourceTree = "<group>"; };
/* End PBXFileReference section */

/* Begin PBXFrameworksBuildPhase section */
		9A22D87420658FF4003AD79C /* Frameworks */ = {
			isa = PBXFrameworksBuildPhase;
			buildActionMask = 2147483647;
			files = (
				9AA8DC5A2066F23E00F6A642 /* QuartzCore.framework in Frameworks */,
				4C1EE096CB1B534950774403 /* libPods-4Cast.a in Frameworks */,
			);
			runOnlyForDeploymentPostprocessing = 0;
		};
		9A22D8A0206692E0003AD79C /* Frameworks */ = {
			isa = PBXFrameworksBuildPhase;
			buildActionMask = 2147483647;
			files = (
				FEA5D73B78351801B8B68A41 /* libPods-4CastTests.a in Frameworks */,
			);
			runOnlyForDeploymentPostprocessing = 0;
		};
		9A6FA1332082113C00C393AA /* Frameworks */ = {
			isa = PBXFrameworksBuildPhase;
			buildActionMask = 2147483647;
			files = (
			);
			runOnlyForDeploymentPostprocessing = 0;
		};
/* End PBXFrameworksBuildPhase section */

/* Begin PBXGroup section */
		26A40D040CD99A1366B494C0 /* Frameworks */ = {
			isa = PBXGroup;
			children = (
				9AA8DC592066F23E00F6A642 /* QuartzCore.framework */,
				3A3F60485CD0E23288A8BC77 /* libPods-4Cast.a */,
				6806A50A7E417479A20CC21C /* libPods-4CastTests.a */,
			);
			name = Frameworks;
			sourceTree = "<group>";
		};
		9A22D86E20658FF4003AD79C = {
			isa = PBXGroup;
			children = (
				9A22D87920658FF4003AD79C /* 4Cast */,
				9A22D8A4206692E0003AD79C /* 4CastTests */,
				9A6FA1372082113D00C393AA /* 4CastUITests */,
				9A22D87820658FF4003AD79C /* Products */,
				E6EE6287C39693DBAD02031C /* Pods */,
				26A40D040CD99A1366B494C0 /* Frameworks */,
			);
			sourceTree = "<group>";
		};
		9A22D87820658FF4003AD79C /* Products */ = {
			isa = PBXGroup;
			children = (
				9A22D87720658FF4003AD79C /* 4Cast.app */,
				9A22D8A3206692E0003AD79C /* 4CastTests.xctest */,
				9A6FA1362082113C00C393AA /* 4CastUITests.xctest */,
			);
			name = Products;
			sourceTree = "<group>";
		};
		9A22D87920658FF4003AD79C /* 4Cast */ = {
			isa = PBXGroup;
			children = (
				9A22D89520659529003AD79C /* UI */,
				9A22D89120659143003AD79C /* App */,
				9A22D89420659518003AD79C /* Model */,
				9A22D89220659152003AD79C /* Forecast */,
				9A22D89320659506003AD79C /* ForecastDetails */,
				9A22D89820659773003AD79C /* Supporting FIles */,
			);
			path = 4Cast;
			sourceTree = "<group>";
		};
		9A22D89120659143003AD79C /* App */ = {
			isa = PBXGroup;
			children = (
				9A22D88920658FF4003AD79C /* main.m */,
				9A22D87A20658FF4003AD79C /* AppDelegate.h */,
				9A22D87B20658FF4003AD79C /* AppDelegate.m */,
			);
			path = App;
			sourceTree = "<group>";
		};
		9A22D89220659152003AD79C /* Forecast */ = {
			isa = PBXGroup;
			children = (
				9A233EF42066C990003ED104 /* SearchView.h */,
				9A233EF52066C990003ED104 /* SearchView.m */,
				9A233EF72066CC41003ED104 /* ForecastCell.h */,
				9A233EF82066CC41003ED104 /* ForecastCell.m */,
				9A22D87D20658FF4003AD79C /* ForecastViewController.h */,
				9A22D87E20658FF4003AD79C /* ForecastViewController.m */,
			);
			path = Forecast;
			sourceTree = "<group>";
		};
		9A22D89320659506003AD79C /* ForecastDetails */ = {
			isa = PBXGroup;
			children = (
				9A22D899206597B6003AD79C /* ForecastDetailsViewController.h */,
				9A22D89A206597B6003AD79C /* ForecastDetailsViewController.m */,
			);
			path = ForecastDetails;
			sourceTree = "<group>";
		};
		9A22D89420659518003AD79C /* Model */ = {
			isa = PBXGroup;
			children = (
				9A6FA0F82081500900C393AA /* Mock */,
				9A233EF02066BE7A003ED104 /* IconCache */,
				9A233EEF2066BE6C003ED104 /* Objects */,
				9A233EEE2066BE63003ED104 /* API */,
			);
			path = Model;
			sourceTree = "<group>";
		};
		9A22D89520659529003AD79C /* UI */ = {
			isa = PBXGroup;
			children = (
				9A22D88520658FF4003AD79C /* LaunchScreen.storyboard */,
				9A22D88020658FF4003AD79C /* Main.storyboard */,
				9AA8DC572066E73500F6A642 /* ios-marketing.png */,
			);
			path = UI;
			sourceTree = "<group>";
		};
		9A22D89820659773003AD79C /* Supporting FIles */ = {
			isa = PBXGroup;
			children = (
				9AA8DC602067F0F600F6A642 /* 4Cast-Bridging-Header.h */,
				9A22D88820658FF4003AD79C /* Info.plist */,
				9A22D8962065965F003AD79C /* Assets.xcassets */,
			);
			path = "Supporting FIles";
			sourceTree = "<group>";
		};
		9A22D8A4206692E0003AD79C /* 4CastTests */ = {
			isa = PBXGroup;
			children = (
				9A22D8A5206692E0003AD79C /* ForeCastTests.m */,
				9A22D8A7206692E0003AD79C /* Info.plist */,
				9A233EEA2066B5DA003ED104 /* Tampa,USA.json */,
				9A233EEC2066B68D003ED104 /* New York,USA.json */,
				9A6FA0ED2080EAD600C393AA /* TestingAppDelegate.h */,
				9A6FA0EE2080EAD600C393AA /* TestingAppDelegate.m */,
				9A6FA0F02080F95D00C393AA /* TestingHelper.swift */,
				9A6FA0F22080F98A00C393AA /* ForeCastTests-Bridging-Header.h */,
			);
			path = 4CastTests;
			sourceTree = "<group>";
		};
		9A233EEE2066BE63003ED104 /* API */ = {
			isa = PBXGroup;
			children = (
				9A22D89C20659856003AD79C /* RESTClient.h */,
				9A22D89D20659856003AD79C /* RESTClient.m */,
			);
			path = API;
			sourceTree = "<group>";
		};
		9A233EEF2066BE6C003ED104 /* Objects */ = {
			isa = PBXGroup;
			children = (
				9AA8DC612067F0F600F6A642 /* ForecastListItem.swift */,
				9A6FA0F42080FE7800C393AA /* FiveDay3HourForecast.swift */,
			);
			path = Objects;
			sourceTree = "<group>";
		};
		9A233EF02066BE7A003ED104 /* IconCache */ = {
			isa = PBXGroup;
			children = (
				9A233EF12066BF05003ED104 /* IconCache.h */,
				9A233EF22066BF05003ED104 /* IconCache.m */,
			);
			path = IconCache;
			sourceTree = "<group>";
		};
		9A6FA0F720814FF300C393AA /* Icons */ = {
			isa = PBXGroup;
			children = (
				9A6FA0FA2081501E00C393AA /* 01d.png */,
				9A6FA0FD2081501E00C393AA /* 01n.png */,
				9A6FA1032081501E00C393AA /* 02d.png */,
				9A6FA1082081501F00C393AA /* 02n.png */,
				9A6FA1072081501F00C393AA /* 03d.png */,
				9A6FA1052081501F00C393AA /* 03n.png */,
				9A6FA0FE2081501E00C393AA /* 04d.png */,
				9A6FA1022081501E00C393AA /* 04n.png */,
				9A6FA1042081501F00C393AA /* 09d.png */,
				9A6FA0F92081501E00C393AA /* 09n.png */,
				9A6FA0FF2081501E00C393AA /* 10d.png */,
				9A6FA1092081501F00C393AA /* 10n.png */,
				9A6FA1002081501E00C393AA /* 11d.png */,
				9A6FA0FC2081501E00C393AA /* 11n.png */,
				9A6FA10A2081501F00C393AA /* 13d.png */,
				9A6FA1012081501E00C393AA /* 13n.png */,
				9A6FA0FB2081501E00C393AA /* 50d.png */,
				9A6FA1062081501F00C393AA /* 50n.png */,
			);
			path = Icons;
			sourceTree = "<group>";
		};
		9A6FA0F82081500900C393AA /* Mock */ = {
			isa = PBXGroup;
			children = (
				9A6FA0F720814FF300C393AA /* Icons */,
			);
			path = Mock;
			sourceTree = "<group>";
		};
		9A6FA1372082113D00C393AA /* 4CastUITests */ = {
			isa = PBXGroup;
			children = (
				9A6FA1382082113D00C393AA /* ForeCastUITests.swift */,
				9A6FA13A2082113D00C393AA /* Info.plist */,
				9A6FA141208260B300C393AA /* ForeCastUITests-Bridging-Header.h */,
			);
			path = 4CastUITests;
			sourceTree = "<group>";
		};
		E6EE6287C39693DBAD02031C /* Pods */ = {
			isa = PBXGroup;
			children = (
				FC4A59A31923B46F7787DC35 /* Pods-4Cast.debug.xcconfig */,
				08CD230925C4AE548B816B79 /* Pods-4Cast.release.xcconfig */,
				3FF3CEAD02110B841CDB5B27 /* Pods-4CastTests.debug.xcconfig */,
				74BB7E399505EFA101995ACF /* Pods-4CastTests.release.xcconfig */,
			);
			name = Pods;
			sourceTree = "<group>";
		};
/* End PBXGroup section */

/* Begin PBXNativeTarget section */
		9A22D87620658FF4003AD79C /* 4Cast */ = {
			isa = PBXNativeTarget;
			buildConfigurationList = 9A22D88D20658FF4003AD79C /* Build configuration list for PBXNativeTarget "4Cast" */;
			buildPhases = (
				9058E8E21FFE05F7F4F9053E /* [CP] Check Pods Manifest.lock */,
				9A22D87320658FF4003AD79C /* Sources */,
				9A22D87420658FF4003AD79C /* Frameworks */,
				9A22D87520658FF4003AD79C /* Resources */,
				7F8547B60B2E986816AAB921 /* [CP] Embed Pods Frameworks */,
				AE5EFFB8F5493AD9FF2E3219 /* [CP] Copy Pods Resources */,
			);
			buildRules = (
			);
			dependencies = (
			);
			name = 4Cast;
			productName = 4Cast;
			productReference = 9A22D87720658FF4003AD79C /* 4Cast.app */;
			productType = "com.apple.product-type.application";
		};
		9A22D8A2206692E0003AD79C /* 4CastTests */ = {
			isa = PBXNativeTarget;
			buildConfigurationList = 9A22D8AA206692E0003AD79C /* Build configuration list for PBXNativeTarget "4CastTests" */;
			buildPhases = (
				36DF49CB5AD33CEC4284FA8E /* [CP] Check Pods Manifest.lock */,
				9A22D89F206692E0003AD79C /* Sources */,
				9A22D8A0206692E0003AD79C /* Frameworks */,
				9A22D8A1206692E0003AD79C /* Resources */,
				80D26F6519948E934D195376 /* [CP] Embed Pods Frameworks */,
				3A72F2F88C8FABECA441038D /* [CP] Copy Pods Resources */,
			);
			buildRules = (
			);
			dependencies = (
				9A22D8A9206692E0003AD79C /* PBXTargetDependency */,
			);
			name = 4CastTests;
			productName = 4CastTests;
			productReference = 9A22D8A3206692E0003AD79C /* 4CastTests.xctest */;
			productType = "com.apple.product-type.bundle.unit-test";
		};
		9A6FA1352082113C00C393AA /* 4CastUITests */ = {
			isa = PBXNativeTarget;
			buildConfigurationList = 9A6FA13D2082113D00C393AA /* Build configuration list for PBXNativeTarget "4CastUITests" */;
			buildPhases = (
				9A6FA1322082113C00C393AA /* Sources */,
				9A6FA1332082113C00C393AA /* Frameworks */,
				9A6FA1342082113C00C393AA /* Resources */,
			);
			buildRules = (
			);
			dependencies = (
				9A6FA13C2082113D00C393AA /* PBXTargetDependency */,
			);
			name = 4CastUITests;
			productName = 4CastUITests;
			productReference = 9A6FA1362082113C00C393AA /* 4CastUITests.xctest */;
			productType = "com.apple.product-type.bundle.ui-testing";
		};
/* End PBXNativeTarget section */

/* Begin PBXProject section */
		9A22D86F20658FF4003AD79C /* Project object */ = {
			isa = PBXProject;
			attributes = {
				LastSwiftUpdateCheck = 0930;
				LastUpgradeCheck = 0920;
				ORGANIZATIONNAME = SampleSoft;
				TargetAttributes = {
					9A22D87620658FF4003AD79C = {
						CreatedOnToolsVersion = 9.2;
						LastSwiftMigration = 0920;
						ProvisioningStyle = Manual;
					};
					9A22D8A2206692E0003AD79C = {
						CreatedOnToolsVersion = 9.2;
						LastSwiftMigration = 0920;
						ProvisioningStyle = Automatic;
						TestTargetID = 9A22D87620658FF4003AD79C;
					};
					9A6FA1352082113C00C393AA = {
						CreatedOnToolsVersion = 9.3;
						ProvisioningStyle = Automatic;
						TestTargetID = 9A22D87620658FF4003AD79C;
					};
				};
			};
			buildConfigurationList = 9A22D87220658FF4003AD79C /* Build configuration list for PBXProject "4Cast" */;
			compatibilityVersion = "Xcode 8.0";
			developmentRegion = en;
			hasScannedForEncodings = 0;
			knownRegions = (
				en,
				Base,
			);
			mainGroup = 9A22D86E20658FF4003AD79C;
			productRefGroup = 9A22D87820658FF4003AD79C /* Products */;
			projectDirPath = "";
			projectRoot = "";
			targets = (
				9A22D87620658FF4003AD79C /* 4Cast */,
				9A22D8A2206692E0003AD79C /* 4CastTests */,
				9A6FA1352082113C00C393AA /* 4CastUITests */,
			);
		};
/* End PBXProject section */

/* Begin PBXResourcesBuildPhase section */
		9A22D87520658FF4003AD79C /* Resources */ = {
			isa = PBXResourcesBuildPhase;
			buildActionMask = 2147483647;
			files = (
				9A6FA131208209FB00C393AA /* New York,USA.json in Resources */,
				9A6FA130208209FB00C393AA /* Tampa,USA.json in Resources */,
				9A6FA1192081501F00C393AA /* 11d.png in Resources */,
				9A6FA1152081501F00C393AA /* 04d.png in Resources */,
				9A6FA1172081501F00C393AA /* 10d.png in Resources */,
				9A6FA1132081501F00C393AA /* 01n.png in Resources */,
				9A6FA10B2081501F00C393AA /* 09n.png in Resources */,
				9A6FA11B2081501F00C393AA /* 13n.png in Resources */,
				9A6FA11D2081501F00C393AA /* 04n.png in Resources */,
				9A6FA1212081501F00C393AA /* 09d.png in Resources */,
				9A6FA1232081501F00C393AA /* 03n.png in Resources */,
				9A6FA1252081501F00C393AA /* 50n.png in Resources */,
				9A22D88720658FF4003AD79C /* LaunchScreen.storyboard in Resources */,
				9A6FA1112081501F00C393AA /* 11n.png in Resources */,
				9A6FA11F2081501F00C393AA /* 02d.png in Resources */,
				9A6FA10F2081501F00C393AA /* 50d.png in Resources */,
				9A6FA12D2081501F00C393AA /* 13d.png in Resources */,
				9A6FA1292081501F00C393AA /* 02n.png in Resources */,
				9A6FA12B2081501F00C393AA /* 10n.png in Resources */,
				9A22D8972065965F003AD79C /* Assets.xcassets in Resources */,
				9A6FA10D2081501F00C393AA /* 01d.png in Resources */,
				9AA8DC582066E73500F6A642 /* ios-marketing.png in Resources */,
				9A22D88220658FF4003AD79C /* Main.storyboard in Resources */,
				9A6FA1272081501F00C393AA /* 03d.png in Resources */,
			);
			runOnlyForDeploymentPostprocessing = 0;
		};
		9A22D8A1206692E0003AD79C /* Resources */ = {
			isa = PBXResourcesBuildPhase;
			buildActionMask = 2147483647;
			files = (
			);
			runOnlyForDeploymentPostprocessing = 0;
		};
		9A6FA1342082113C00C393AA /* Resources */ = {
			isa = PBXResourcesBuildPhase;
			buildActionMask = 2147483647;
			files = (
			);
			runOnlyForDeploymentPostprocessing = 0;
		};
/* End PBXResourcesBuildPhase section */

/* Begin PBXShellScriptBuildPhase section */
		36DF49CB5AD33CEC4284FA8E /* [CP] Check Pods Manifest.lock */ = {
			isa = PBXShellScriptBuildPhase;
			buildActionMask = 2147483647;
			files = (
			);
			inputPaths = (
				"${PODS_PODFILE_DIR_PATH}/Podfile.lock",
				"${PODS_ROOT}/Manifest.lock",
			);
			name = "[CP] Check Pods Manifest.lock";
			outputPaths = (
				"$(DERIVED_FILE_DIR)/Pods-4CastTests-checkManifestLockResult.txt",
			);
			runOnlyForDeploymentPostprocessing = 0;
			shellPath = /bin/sh;
			shellScript = "diff \"${PODS_PODFILE_DIR_PATH}/Podfile.lock\" \"${PODS_ROOT}/Manifest.lock\" > /dev/null\nif [ $? != 0 ] ; then\n    # print error to STDERR\n    echo \"error: The sandbox is not in sync with the Podfile.lock. Run 'pod install' or update your CocoaPods installation.\" >&2\n    exit 1\nfi\n# This output is used by Xcode 'outputs' to avoid re-running this script phase.\necho \"SUCCESS\" > \"${SCRIPT_OUTPUT_FILE_0}\"\n";
			showEnvVarsInLog = 0;
		};
		3A72F2F88C8FABECA441038D /* [CP] Copy Pods Resources */ = {
			isa = PBXShellScriptBuildPhase;
			buildActionMask = 2147483647;
			files = (
			);
			inputPaths = (
			);
			name = "[CP] Copy Pods Resources";
			outputPaths = (
			);
			runOnlyForDeploymentPostprocessing = 0;
			shellPath = /bin/sh;
			shellScript = "\"${SRCROOT}/Pods/Target Support Files/Pods-4CastTests/Pods-4CastTests-resources.sh\"\n";
			showEnvVarsInLog = 0;
		};
		7F8547B60B2E986816AAB921 /* [CP] Embed Pods Frameworks */ = {
			isa = PBXShellScriptBuildPhase;
			buildActionMask = 2147483647;
			files = (
			);
			inputPaths = (
			);
			name = "[CP] Embed Pods Frameworks";
			outputPaths = (
			);
			runOnlyForDeploymentPostprocessing = 0;
			shellPath = /bin/sh;
			shellScript = "\"${SRCROOT}/Pods/Target Support Files/Pods-4Cast/Pods-4Cast-frameworks.sh\"\n";
			showEnvVarsInLog = 0;
		};
		80D26F6519948E934D195376 /* [CP] Embed Pods Frameworks */ = {
			isa = PBXShellScriptBuildPhase;
			buildActionMask = 2147483647;
			files = (
			);
			inputPaths = (
			);
			name = "[CP] Embed Pods Frameworks";
			outputPaths = (
			);
			runOnlyForDeploymentPostprocessing = 0;
			shellPath = /bin/sh;
			shellScript = "\"${SRCROOT}/Pods/Target Support Files/Pods-4CastTests/Pods-4CastTests-frameworks.sh\"\n";
			showEnvVarsInLog = 0;
		};
		9058E8E21FFE05F7F4F9053E /* [CP] Check Pods Manifest.lock */ = {
			isa = PBXShellScriptBuildPhase;
			buildActionMask = 2147483647;
			files = (
			);
			inputPaths = (
				"${PODS_PODFILE_DIR_PATH}/Podfile.lock",
				"${PODS_ROOT}/Manifest.lock",
			);
			name = "[CP] Check Pods Manifest.lock";
			outputPaths = (
				"$(DERIVED_FILE_DIR)/Pods-4Cast-checkManifestLockResult.txt",
			);
			runOnlyForDeploymentPostprocessing = 0;
			shellPath = /bin/sh;
			shellScript = "diff \"${PODS_PODFILE_DIR_PATH}/Podfile.lock\" \"${PODS_ROOT}/Manifest.lock\" > /dev/null\nif [ $? != 0 ] ; then\n    # print error to STDERR\n    echo \"error: The sandbox is not in sync with the Podfile.lock. Run 'pod install' or update your CocoaPods installation.\" >&2\n    exit 1\nfi\n# This output is used by Xcode 'outputs' to avoid re-running this script phase.\necho \"SUCCESS\" > \"${SCRIPT_OUTPUT_FILE_0}\"\n";
			showEnvVarsInLog = 0;
		};
		AE5EFFB8F5493AD9FF2E3219 /* [CP] Copy Pods Resources */ = {
			isa = PBXShellScriptBuildPhase;
			buildActionMask = 2147483647;
			files = (
			);
			inputPaths = (
				"${SRCROOT}/Pods/Target Support Files/Pods-4Cast/Pods-4Cast-resources.sh",
				"${PODS_ROOT}/SVProgressHUD/SVProgressHUD/SVProgressHUD.bundle",
			);
			name = "[CP] Copy Pods Resources";
			outputPaths = (
				"${TARGET_BUILD_DIR}/${UNLOCALIZED_RESOURCES_FOLDER_PATH}/SVProgressHUD.bundle",
			);
			runOnlyForDeploymentPostprocessing = 0;
			shellPath = /bin/sh;
			shellScript = "\"${SRCROOT}/Pods/Target Support Files/Pods-4Cast/Pods-4Cast-resources.sh\"\n";
			showEnvVarsInLog = 0;
		};
/* End PBXShellScriptBuildPhase section */

/* Begin PBXSourcesBuildPhase section */
		9A22D87320658FF4003AD79C /* Sources */ = {
			isa = PBXSourcesBuildPhase;
			buildActionMask = 2147483647;
			files = (
				9A233EF62066C990003ED104 /* SearchView.m in Sources */,
				9A6FA163208287E300C393AA /* TestingAppDelegate.m in Sources */,
				9A6FA0F52080FE7800C393AA /* FiveDay3HourForecast.swift in Sources */,
				9A6FA1622082875100C393AA /* TestingHelper.swift in Sources */,
				9A22D89E20659856003AD79C /* RESTClient.m in Sources */,
				9A22D87F20658FF4003AD79C /* ForecastViewController.m in Sources */,
				9A22D88A20658FF4003AD79C /* main.m in Sources */,
				9A233EF92066CC41003ED104 /* ForecastCell.m in Sources */,
				9A233EF32066BF06003ED104 /* IconCache.m in Sources */,
				9AA8DC622067F0F600F6A642 /* ForecastListItem.swift in Sources */,
				9A22D89B206597B6003AD79C /* ForecastDetailsViewController.m in Sources */,
				9A22D87C20658FF4003AD79C /* AppDelegate.m in Sources */,
			);
			runOnlyForDeploymentPostprocessing = 0;
		};
		9A22D89F206692E0003AD79C /* Sources */ = {
			isa = PBXSourcesBuildPhase;
			buildActionMask = 2147483647;
			files = (
				9A22D8A6206692E0003AD79C /* ForeCastTests.m in Sources */,
			);
			runOnlyForDeploymentPostprocessing = 0;
		};
		9A6FA1322082113C00C393AA /* Sources */ = {
			isa = PBXSourcesBuildPhase;
			buildActionMask = 2147483647;
			files = (
				9A6FA1392082113D00C393AA /* ForeCastUITests.swift in Sources */,
			);
			runOnlyForDeploymentPostprocessing = 0;
		};
/* End PBXSourcesBuildPhase section */

/* Begin PBXTargetDependency section */
		9A22D8A9206692E0003AD79C /* PBXTargetDependency */ = {
			isa = PBXTargetDependency;
			target = 9A22D87620658FF4003AD79C /* 4Cast */;
			targetProxy = 9A22D8A8206692E0003AD79C /* PBXContainerItemProxy */;
		};
		9A6FA13C2082113D00C393AA /* PBXTargetDependency */ = {
			isa = PBXTargetDependency;
			target = 9A22D87620658FF4003AD79C /* 4Cast */;
			targetProxy = 9A6FA13B2082113D00C393AA /* PBXContainerItemProxy */;
		};
/* End PBXTargetDependency section */

/* Begin PBXVariantGroup section */
		9A22D88020658FF4003AD79C /* Main.storyboard */ = {
			isa = PBXVariantGroup;
			children = (
				9A22D88120658FF4003AD79C /* Base */,
			);
			name = Main.storyboard;
			sourceTree = "<group>";
		};
		9A22D88520658FF4003AD79C /* LaunchScreen.storyboard */ = {
			isa = PBXVariantGroup;
			children = (
				9A22D88620658FF4003AD79C /* Base */,
			);
			name = LaunchScreen.storyboard;
			sourceTree = "<group>";
		};
/* End PBXVariantGroup section */

/* Begin XCBuildConfiguration section */
		9A22D88B20658FF4003AD79C /* Debug */ = {
			isa = XCBuildConfiguration;
			buildSettings = {
				ALWAYS_SEARCH_USER_PATHS = NO;
				CLANG_ANALYZER_NONNULL = YES;
				CLANG_ANALYZER_NUMBER_OBJECT_CONVERSION = YES_AGGRESSIVE;
				CLANG_CXX_LANGUAGE_STANDARD = "gnu++14";
				CLANG_CXX_LIBRARY = "libc++";
				CLANG_ENABLE_MODULES = YES;
				CLANG_ENABLE_OBJC_ARC = YES;
				CLANG_WARN_BLOCK_CAPTURE_AUTORELEASING = YES;
				CLANG_WARN_BOOL_CONVERSION = YES;
				CLANG_WARN_COMMA = YES;
				CLANG_WARN_CONSTANT_CONVERSION = YES;
				CLANG_WARN_DIRECT_OBJC_ISA_USAGE = YES_ERROR;
				CLANG_WARN_DOCUMENTATION_COMMENTS = YES;
				CLANG_WARN_EMPTY_BODY = YES;
				CLANG_WARN_ENUM_CONVERSION = YES;
				CLANG_WARN_INFINITE_RECURSION = YES;
				CLANG_WARN_INT_CONVERSION = YES;
				CLANG_WARN_NON_LITERAL_NULL_CONVERSION = YES;
				CLANG_WARN_OBJC_LITERAL_CONVERSION = YES;
				CLANG_WARN_OBJC_ROOT_CLASS = YES_ERROR;
				CLANG_WARN_RANGE_LOOP_ANALYSIS = YES;
				CLANG_WARN_STRICT_PROTOTYPES = YES;
				CLANG_WARN_SUSPICIOUS_MOVE = YES;
				CLANG_WARN_UNGUARDED_AVAILABILITY = YES_AGGRESSIVE;
				CLANG_WARN_UNREACHABLE_CODE = YES;
				CLANG_WARN__DUPLICATE_METHOD_MATCH = YES;
				CODE_SIGN_IDENTITY = "iPhone Developer";
				COPY_PHASE_STRIP = NO;
				DEBUG_INFORMATION_FORMAT = dwarf;
				ENABLE_STRICT_OBJC_MSGSEND = YES;
				ENABLE_TESTABILITY = YES;
				GCC_C_LANGUAGE_STANDARD = gnu11;
				GCC_DYNAMIC_NO_PIC = NO;
				GCC_NO_COMMON_BLOCKS = YES;
				GCC_OPTIMIZATION_LEVEL = 0;
				GCC_PREPROCESSOR_DEFINITIONS = (
					"DEBUG=1",
					"$(inherited)",
				);
				GCC_WARN_64_TO_32_BIT_CONVERSION = YES;
				GCC_WARN_ABOUT_RETURN_TYPE = YES_ERROR;
				GCC_WARN_UNDECLARED_SELECTOR = YES;
				GCC_WARN_UNINITIALIZED_AUTOS = YES_AGGRESSIVE;
				GCC_WARN_UNUSED_FUNCTION = YES;
				GCC_WARN_UNUSED_VARIABLE = YES;
				IPHONEOS_DEPLOYMENT_TARGET = 11.2;
				MTL_ENABLE_DEBUG_INFO = YES;
				ONLY_ACTIVE_ARCH = YES;
				SDKROOT = iphoneos;
			};
			name = Debug;
		};
		9A22D88C20658FF4003AD79C /* Release */ = {
			isa = XCBuildConfiguration;
			buildSettings = {
				ALWAYS_SEARCH_USER_PATHS = NO;
				CLANG_ANALYZER_NONNULL = YES;
				CLANG_ANALYZER_NUMBER_OBJECT_CONVERSION = YES_AGGRESSIVE;
				CLANG_CXX_LANGUAGE_STANDARD = "gnu++14";
				CLANG_CXX_LIBRARY = "libc++";
				CLANG_ENABLE_MODULES = YES;
				CLANG_ENABLE_OBJC_ARC = YES;
				CLANG_WARN_BLOCK_CAPTURE_AUTORELEASING = YES;
				CLANG_WARN_BOOL_CONVERSION = YES;
				CLANG_WARN_COMMA = YES;
				CLANG_WARN_CONSTANT_CONVERSION = YES;
				CLANG_WARN_DIRECT_OBJC_ISA_USAGE = YES_ERROR;
				CLANG_WARN_DOCUMENTATION_COMMENTS = YES;
				CLANG_WARN_EMPTY_BODY = YES;
				CLANG_WARN_ENUM_CONVERSION = YES;
				CLANG_WARN_INFINITE_RECURSION = YES;
				CLANG_WARN_INT_CONVERSION = YES;
				CLANG_WARN_NON_LITERAL_NULL_CONVERSION = YES;
				CLANG_WARN_OBJC_LITERAL_CONVERSION = YES;
				CLANG_WARN_OBJC_ROOT_CLASS = YES_ERROR;
				CLANG_WARN_RANGE_LOOP_ANALYSIS = YES;
				CLANG_WARN_STRICT_PROTOTYPES = YES;
				CLANG_WARN_SUSPICIOUS_MOVE = YES;
				CLANG_WARN_UNGUARDED_AVAILABILITY = YES_AGGRESSIVE;
				CLANG_WARN_UNREACHABLE_CODE = YES;
				CLANG_WARN__DUPLICATE_METHOD_MATCH = YES;
				CODE_SIGN_IDENTITY = "iPhone Developer";
				COPY_PHASE_STRIP = NO;
				DEBUG_INFORMATION_FORMAT = "dwarf-with-dsym";
				ENABLE_NS_ASSERTIONS = NO;
				ENABLE_STRICT_OBJC_MSGSEND = YES;
				GCC_C_LANGUAGE_STANDARD = gnu11;
				GCC_NO_COMMON_BLOCKS = YES;
				GCC_WARN_64_TO_32_BIT_CONVERSION = YES;
				GCC_WARN_ABOUT_RETURN_TYPE = YES_ERROR;
				GCC_WARN_UNDECLARED_SELECTOR = YES;
				GCC_WARN_UNINITIALIZED_AUTOS = YES_AGGRESSIVE;
				GCC_WARN_UNUSED_FUNCTION = YES;
				GCC_WARN_UNUSED_VARIABLE = YES;
				IPHONEOS_DEPLOYMENT_TARGET = 11.2;
				MTL_ENABLE_DEBUG_INFO = NO;
				SDKROOT = iphoneos;
				VALIDATE_PRODUCT = YES;
			};
			name = Release;
		};
		9A22D88E20658FF4003AD79C /* Debug */ = {
			isa = XCBuildConfiguration;
			baseConfigurationReference = FC4A59A31923B46F7787DC35 /* Pods-4Cast.debug.xcconfig */;
			buildSettings = {
				ASSETCATALOG_COMPILER_APPICON_NAME = AppIcon;
				CLANG_ENABLE_MODULES = YES;
				CODE_SIGN_STYLE = Manual;
				DEFINES_MODULE = YES;
				DEVELOPMENT_TEAM = 79GK225UV2;
				INFOPLIST_FILE = "4Cast/Supporting Files/Info.plist";
				IPHONEOS_DEPLOYMENT_TARGET = 9.0;
				LD_RUNPATH_SEARCH_PATHS = "$(inherited) @executable_path/Frameworks";
				PRODUCT_BUNDLE_IDENTIFIER = biz.SampleSoft.ForeCast;
				PRODUCT_MODULE_NAME = ForeCast;
				PRODUCT_NAME = "$(TARGET_NAME)";
				PROVISIONING_PROFILE = "37e989e9-5b4b-4022-a84f-cc6224f000ce";
				PROVISIONING_PROFILE_SPECIFIER = "Coding Challenge";
				SWIFT_OBJC_BRIDGING_HEADER = "4Cast/Model/Objects/4Cast-Bridging-Header.h";
				SWIFT_OBJC_INTERFACE_HEADER_NAME = "Forecast-Swift.h";
				SWIFT_OPTIMIZATION_LEVEL = "-Onone";
				SWIFT_VERSION = 3.0;
				TARGETED_DEVICE_FAMILY = 1;
			};
			name = Debug;
		};
		9A22D88F20658FF4003AD79C /* Release */ = {
			isa = XCBuildConfiguration;
			baseConfigurationReference = 08CD230925C4AE548B816B79 /* Pods-4Cast.release.xcconfig */;
			buildSettings = {
				ASSETCATALOG_COMPILER_APPICON_NAME = AppIcon;
				CLANG_ENABLE_MODULES = YES;
				CODE_SIGN_STYLE = Manual;
				DEFINES_MODULE = YES;
				DEVELOPMENT_TEAM = 79GK225UV2;
				INFOPLIST_FILE = "4Cast/Supporting Files/Info.plist";
				IPHONEOS_DEPLOYMENT_TARGET = 9.0;
				LD_RUNPATH_SEARCH_PATHS = "$(inherited) @executable_path/Frameworks";
				PRODUCT_BUNDLE_IDENTIFIER = biz.SampleSoft.ForeCast;
				PRODUCT_MODULE_NAME = ForeCast;
				PRODUCT_NAME = "$(TARGET_NAME)";
				PROVISIONING_PROFILE = "37e989e9-5b4b-4022-a84f-cc6224f000ce";
				PROVISIONING_PROFILE_SPECIFIER = "Coding Challenge";
				SWIFT_OBJC_BRIDGING_HEADER = "4Cast/Model/Objects/4Cast-Bridging-Header.h";
				SWIFT_OBJC_INTERFACE_HEADER_NAME = "Forecast-Swift.h";
				SWIFT_VERSION = 3.0;
				TARGETED_DEVICE_FAMILY = 1;
			};
			name = Release;
		};
		9A22D8AB206692E0003AD79C /* Debug */ = {
			isa = XCBuildConfiguration;
			baseConfigurationReference = 3FF3CEAD02110B841CDB5B27 /* Pods-4CastTests.debug.xcconfig */;
			buildSettings = {
				ALWAYS_EMBED_SWIFT_STANDARD_LIBRARIES = YES;
				BUNDLE_LOADER = "$(TEST_HOST)";
				CLANG_ENABLE_MODULES = YES;
				CODE_SIGN_STYLE = Automatic;
				DEFINES_MODULE = YES;
				DEVELOPMENT_TEAM = 79GK225UV2;
				INFOPLIST_FILE = 4CastTests/Info.plist;
				LD_RUNPATH_SEARCH_PATHS = "$(inherited) @executable_path/Frameworks @loader_path/Frameworks";
				PRODUCT_BUNDLE_IDENTIFIER = "biz.SampleSoft.-CastTests";
				PRODUCT_MODULE_NAME = ForeCast;
				PRODUCT_NAME = "$(TARGET_NAME)";
				SWIFT_OBJC_BRIDGING_HEADER = "4CastTests/ForeCastTests-Bridging-Header.h";
				SWIFT_OBJC_INTERFACE_HEADER_NAME = "Forecast-Swift.h";
				SWIFT_OPTIMIZATION_LEVEL = "-Onone";
				SWIFT_VERSION = 4.0;
				TARGETED_DEVICE_FAMILY = "1,2";
				TEST_HOST = "$(BUILT_PRODUCTS_DIR)/4Cast.app/4Cast";
			};
			name = Debug;
		};
		9A22D8AC206692E0003AD79C /* Release */ = {
			isa = XCBuildConfiguration;
			baseConfigurationReference = 74BB7E399505EFA101995ACF /* Pods-4CastTests.release.xcconfig */;
			buildSettings = {
				ALWAYS_EMBED_SWIFT_STANDARD_LIBRARIES = YES;
				BUNDLE_LOADER = "$(TEST_HOST)";
				CLANG_ENABLE_MODULES = YES;
				CODE_SIGN_STYLE = Automatic;
				DEFINES_MODULE = YES;
				DEVELOPMENT_TEAM = 79GK225UV2;
				INFOPLIST_FILE = 4CastTests/Info.plist;
				LD_RUNPATH_SEARCH_PATHS = "$(inherited) @executable_path/Frameworks @loader_path/Frameworks";
				PRODUCT_BUNDLE_IDENTIFIER = "biz.SampleSoft.-CastTests";
				PRODUCT_MODULE_NAME = ForeCast;
				PRODUCT_NAME = "$(TARGET_NAME)";
				SWIFT_OBJC_BRIDGING_HEADER = "4CastTests/ForeCastTests-Bridging-Header.h";
				SWIFT_OBJC_INTERFACE_HEADER_NAME = "Forecast-Swift.h";
				SWIFT_VERSION = 4.0;
				TARGETED_DEVICE_FAMILY = "1,2";
				TEST_HOST = "$(BUILT_PRODUCTS_DIR)/4Cast.app/4Cast";
			};
			name = Release;
		};
		9A6FA13E2082113D00C393AA /* Debug */ = {
			isa = XCBuildConfiguration;
			buildSettings = {
				ALWAYS_EMBED_SWIFT_STANDARD_LIBRARIES = YES;
				CLANG_ENABLE_OBJC_WEAK = YES;
				CLANG_WARN_DEPRECATED_OBJC_IMPLEMENTATIONS = YES;
				CLANG_WARN_OBJC_IMPLICIT_RETAIN_SELF = YES;
				CODE_SIGN_STYLE = Automatic;
				DEFINES_MODULE = YES;
				INFOPLIST_FILE = 4CastUITests/Info.plist;
				IPHONEOS_DEPLOYMENT_TARGET = 11.3;
				LD_RUNPATH_SEARCH_PATHS = "$(inherited) @executable_path/Frameworks @loader_path/Frameworks";
				PRODUCT_BUNDLE_IDENTIFIER = "biz.SampleSoft.-CastUITests";
				PRODUCT_MODULE_NAME = ForeCast;
				PRODUCT_NAME = "$(TARGET_NAME)";
				PROVISIONING_PROFILE = "37e989e9-5b4b-4022-a84f-cc6224f000ce";
				SWIFT_ACTIVE_COMPILATION_CONDITIONS = DEBUG;
				SWIFT_OBJC_BRIDGING_HEADER = "4CastUITests/ForeCastUITests-Bridging-Header.h";
				SWIFT_OBJC_INTERFACE_HEADER_NAME = "Forecast-Swift.h";
				SWIFT_OPTIMIZATION_LEVEL = "-Onone";
				SWIFT_VERSION = 4.0;
				TARGETED_DEVICE_FAMILY = "1,2";
				TEST_TARGET_NAME = 4Cast;
			};
			name = Debug;
		};
		9A6FA13F2082113D00C393AA /* Release */ = {
			isa = XCBuildConfiguration;
			buildSettings = {
				ALWAYS_EMBED_SWIFT_STANDARD_LIBRARIES = YES;
				CLANG_ENABLE_OBJC_WEAK = YES;
				CLANG_WARN_DEPRECATED_OBJC_IMPLEMENTATIONS = YES;
				CLANG_WARN_OBJC_IMPLICIT_RETAIN_SELF = YES;
				CODE_SIGN_STYLE = Automatic;
				DEFINES_MODULE = YES;
				INFOPLIST_FILE = 4CastUITests/Info.plist;
				IPHONEOS_DEPLOYMENT_TARGET = 11.3;
				LD_RUNPATH_SEARCH_PATHS = "$(inherited) @executable_path/Frameworks @loader_path/Frameworks";
				PRODUCT_BUNDLE_IDENTIFIER = "biz.SampleSoft.-CastUITests";
				PRODUCT_MODULE_NAME = ForeCast;
				PRODUCT_NAME = "$(TARGET_NAME)";
				PROVISIONING_PROFILE = "37e989e9-5b4b-4022-a84f-cc6224f000ce";
				SWIFT_OBJC_BRIDGING_HEADER = "4CastUITests/ForeCastUITests-Bridging-Header.h";
				SWIFT_OBJC_INTERFACE_HEADER_NAME = "Forecast-Swift.h";
				SWIFT_OPTIMIZATION_LEVEL = "-Owholemodule";
				SWIFT_VERSION = 4.0;
				TARGETED_DEVICE_FAMILY = "1,2";
				TEST_TARGET_NAME = 4Cast;
			};
			name = Release;
		};
/* End XCBuildConfiguration section */

/* Begin XCConfigurationList section */
		9A22D87220658FF4003AD79C /* Build configuration list for PBXProject "4Cast" */ = {
			isa = XCConfigurationList;
			buildConfigurations = (
				9A22D88B20658FF4003AD79C /* Debug */,
				9A22D88C20658FF4003AD79C /* Release */,
			);
			defaultConfigurationIsVisible = 0;
			defaultConfigurationName = Release;
		};
		9A22D88D20658FF4003AD79C /* Build configuration list for PBXNativeTarget "4Cast" */ = {
			isa = XCConfigurationList;
			buildConfigurations = (
				9A22D88E20658FF4003AD79C /* Debug */,
				9A22D88F20658FF4003AD79C /* Release */,
			);
			defaultConfigurationIsVisible = 0;
			defaultConfigurationName = Release;
		};
		9A22D8AA206692E0003AD79C /* Build configuration list for PBXNativeTarget "4CastTests" */ = {
			isa = XCConfigurationList;
			buildConfigurations = (
				9A22D8AB206692E0003AD79C /* Debug */,
				9A22D8AC206692E0003AD79C /* Release */,
			);
			defaultConfigurationIsVisible = 0;
			defaultConfigurationName = Release;
		};
		9A6FA13D2082113D00C393AA /* Build configuration list for PBXNativeTarget "4CastUITests" */ = {
			isa = XCConfigurationList;
			buildConfigurations = (
				9A6FA13E2082113D00C393AA /* Debug */,
				9A6FA13F2082113D00C393AA /* Release */,
			);
			defaultConfigurationIsVisible = 0;
			defaultConfigurationName = Release;
		};
/* End XCConfigurationList section */
	};
	rootObject = 9A22D86F20658FF4003AD79C /* Project object */;
}
